// !$*UTF8*$!
{
	archiveVersion = 1;
	classes = {
	};
	objectVersion = 46;
	objects = {

/* Begin PBXBuildFile section */
		1AC17A501D06E4DE00971AF9 /* main.m in Sources */ = {isa = PBXBuildFile; fileRef = 1AC17A4F1D06E4DE00971AF9 /* main.m */; };
		1AC17A531D06E4DE00971AF9 /* AppDelegate.m in Sources */ = {isa = PBXBuildFile; fileRef = 1AC17A521D06E4DE00971AF9 /* AppDelegate.m */; };
		1AC17A561D06E4DE00971AF9 /* ViewController.m in Sources */ = {isa = PBXBuildFile; fileRef = 1AC17A551D06E4DE00971AF9 /* ViewController.m */; };
		1AC17A591D06E4DE00971AF9 /* Main.storyboard in Resources */ = {isa = PBXBuildFile; fileRef = 1AC17A571D06E4DE00971AF9 /* Main.storyboard */; };
		1AC17A5B1D06E4DE00971AF9 /* Assets.xcassets in Resources */ = {isa = PBXBuildFile; fileRef = 1AC17A5A1D06E4DE00971AF9 /* Assets.xcassets */; };
		1AC17A5E1D06E4DE00971AF9 /* LaunchScreen.storyboard in Resources */ = {isa = PBXBuildFile; fileRef = 1AC17A5C1D06E4DE00971AF9 /* LaunchScreen.storyboard */; };
		1AC17A691D06E4DE00971AF9 /* ___Tests.m in Sources */ = {isa = PBXBuildFile; fileRef = 1AC17A681D06E4DE00971AF9 /* ___Tests.m */; };
		1AC17A741D06E4DF00971AF9 /* ___UITests.m in Sources */ = {isa = PBXBuildFile; fileRef = 1AC17A731D06E4DF00971AF9 /* ___UITests.m */; };
		1AC17A831D0708E700971AF9 /* ZYDrawView.m in Sources */ = {isa = PBXBuildFile; fileRef = 1AC17A821D0708E700971AF9 /* ZYDrawView.m */; };
		1AC17A861D070A2300971AF9 /* ZYBezierPath.m in Sources */ = {isa = PBXBuildFile; fileRef = 1AC17A851D070A2300971AF9 /* ZYBezierPath.m */; };
/* End PBXBuildFile section */

/* Begin PBXContainerItemProxy section */
		1AC17A651D06E4DE00971AF9 /* PBXContainerItemProxy */ = {
			isa = PBXContainerItemProxy;
			containerPortal = 1AC17A431D06E4DE00971AF9 /* Project object */;
			proxyType = 1;
			remoteGlobalIDString = 1AC17A4A1D06E4DE00971AF9;
			remoteInfo = "手写板";
		};
		1AC17A701D06E4DF00971AF9 /* PBXContainerItemProxy */ = {
			isa = PBXContainerItemProxy;
			containerPortal = 1AC17A431D06E4DE00971AF9 /* Project object */;
			proxyType = 1;
			remoteGlobalIDString = 1AC17A4A1D06E4DE00971AF9;
			remoteInfo = "手写板";
		};
/* End PBXContainerItemProxy section */

/* Begin PBXFileReference section */
		1AC17A4B1D06E4DE00971AF9 /* 手写板.app */ = {isa = PBXFileReference; explicitFileType = wrapper.application; includeInIndex = 0; path = "手写板.app"; sourceTree = BUILT_PRODUCTS_DIR; };
		1AC17A4F1D06E4DE00971AF9 /* main.m */ = {isa = PBXFileReference; lastKnownFileType = sourcecode.c.objc; path = main.m; sourceTree = "<group>"; };
		1AC17A511D06E4DE00971AF9 /* AppDelegate.h */ = {isa = PBXFileReference; lastKnownFileType = sourcecode.c.h; path = AppDelegate.h; sourceTree = "<group>"; };
		1AC17A521D06E4DE00971AF9 /* AppDelegate.m */ = {isa = PBXFileReference; lastKnownFileType = sourcecode.c.objc; path = AppDelegate.m; sourceTree = "<group>"; };
		1AC17A541D06E4DE00971AF9 /* ViewController.h */ = {isa = PBXFileReference; lastKnownFileType = sourcecode.c.h; path = ViewController.h; sourceTree = "<group>"; };
		1AC17A551D06E4DE00971AF9 /* ViewController.m */ = {isa = PBXFileReference; lastKnownFileType = sourcecode.c.objc; path = ViewController.m; sourceTree = "<group>"; };
		1AC17A581D06E4DE00971AF9 /* Base */ = {isa = PBXFileReference; lastKnownFileType = file.storyboard; name = Base; path = Base.lproj/Main.storyboard; sourceTree = "<group>"; };
		1AC17A5A1D06E4DE00971AF9 /* Assets.xcassets */ = {isa = PBXFileReference; lastKnownFileType = folder.assetcatalog; path = Assets.xcassets; sourceTree = "<group>"; };
		1AC17A5D1D06E4DE00971AF9 /* Base */ = {isa = PBXFileReference; lastKnownFileType = file.storyboard; name = Base; path = Base.lproj/LaunchScreen.storyboard; sourceTree = "<group>"; };
		1AC17A5F1D06E4DE00971AF9 /* Info.plist */ = {isa = PBXFileReference; lastKnownFileType = text.plist.xml; path = Info.plist; sourceTree = "<group>"; };
		1AC17A641D06E4DE00971AF9 /* 手写板Tests.xctest */ = {isa = PBXFileReference; explicitFileType = wrapper.cfbundle; includeInIndex = 0; path = "手写板Tests.xctest"; sourceTree = BUILT_PRODUCTS_DIR; };
		1AC17A681D06E4DE00971AF9 /* ___Tests.m */ = {isa = PBXFileReference; lastKnownFileType = sourcecode.c.objc; path = "___Tests.m"; sourceTree = "<group>"; };
		1AC17A6A1D06E4DE00971AF9 /* Info.plist */ = {isa = PBXFileReference; lastKnownFileType = text.plist.xml; path = Info.plist; sourceTree = "<group>"; };
		1AC17A6F1D06E4DE00971AF9 /* 手写板UITests.xctest */ = {isa = PBXFileReference; explicitFileType = wrapper.cfbundle; includeInIndex = 0; path = "手写板UITests.xctest"; sourceTree = BUILT_PRODUCTS_DIR; };
		1AC17A731D06E4DF00971AF9 /* ___UITests.m */ = {isa = PBXFileReference; lastKnownFileType = sourcecode.c.objc; path = "___UITests.m"; sourceTree = "<group>"; };
		1AC17A751D06E4DF00971AF9 /* Info.plist */ = {isa = PBXFileReference; lastKnownFileType = text.plist.xml; path = Info.plist; sourceTree = "<group>"; };
		1AC17A811D0708E700971AF9 /* ZYDrawView.h */ = {isa = PBXFileReference; fileEncoding = 4; lastKnownFileType = sourcecode.c.h; path = ZYDrawView.h; sourceTree = "<group>"; };
		1AC17A821D0708E700971AF9 /* ZYDrawView.m */ = {isa = PBXFileReference; fileEncoding = 4; lastKnownFileType = sourcecode.c.objc; path = ZYDrawView.m; sourceTree = "<group>"; };
		1AC17A841D070A2300971AF9 /* ZYBezierPath.h */ = {isa = PBXFileReference; fileEncoding = 4; lastKnownFileType = sourcecode.c.h; path = ZYBezierPath.h; sourceTree = "<group>"; };
		1AC17A851D070A2300971AF9 /* ZYBezierPath.m */ = {isa = PBXFileReference; fileEncoding = 4; lastKnownFileType = sourcecode.c.objc; path = ZYBezierPath.m; sourceTree = "<group>"; };
/* End PBXFileReference section */

/* Begin PBXFrameworksBuildPhase section */
		1AC17A481D06E4DE00971AF9 /* Frameworks */ = {
			isa = PBXFrameworksBuildPhase;
			buildActionMask = 2147483647;
			files = (
			);
			runOnlyForDeploymentPostprocessing = 0;
		};
		1AC17A611D06E4DE00971AF9 /* Frameworks */ = {
			isa = PBXFrameworksBuildPhase;
			buildActionMask = 2147483647;
			files = (
			);
			runOnlyForDeploymentPostprocessing = 0;
		};
		1AC17A6C1D06E4DE00971AF9 /* Frameworks */ = {
			isa = PBXFrameworksBuildPhase;
			buildActionMask = 2147483647;
			files = (
			);
			runOnlyForDeploymentPostprocessing = 0;
		};
/* End PBXFrameworksBuildPhase section */

/* Begin PBXGroup section */
		1AC17A421D06E4DE00971AF9 = {
			isa = PBXGroup;
			children = (
				1AC17A4D1D06E4DE00971AF9 /* 手写板 */,
				1AC17A671D06E4DE00971AF9 /* 手写板Tests */,
				1AC17A721D06E4DF00971AF9 /* 手写板UITests */,
				1AC17A4C1D06E4DE00971AF9 /* Products */,
			);
			sourceTree = "<group>";
		};
		1AC17A4C1D06E4DE00971AF9 /* Products */ = {
			isa = PBXGroup;
			children = (
				1AC17A4B1D06E4DE00971AF9 /* 手写板.app */,
				1AC17A641D06E4DE00971AF9 /* 手写板Tests.xctest */,
				1AC17A6F1D06E4DE00971AF9 /* 手写板UITests.xctest */,
			);
			name = Products;
			sourceTree = "<group>";
		};
		1AC17A4D1D06E4DE00971AF9 /* 手写板 */ = {
			isa = PBXGroup;
			children = (
				1AC17A511D06E4DE00971AF9 /* AppDelegate.h */,
				1AC17A521D06E4DE00971AF9 /* AppDelegate.m */,
				1AC17A541D06E4DE00971AF9 /* ViewController.h */,
				1AC17A551D06E4DE00971AF9 /* ViewController.m */,
				1AC17A811D0708E700971AF9 /* ZYDrawView.h */,
				1AC17A821D0708E700971AF9 /* ZYDrawView.m */,
				1AC17A841D070A2300971AF9 /* ZYBezierPath.h */,
				1AC17A851D070A2300971AF9 /* ZYBezierPath.m */,
				1AC17A571D06E4DE00971AF9 /* Main.storyboard */,
				1AC17A5A1D06E4DE00971AF9 /* Assets.xcassets */,
				1AC17A5C1D06E4DE00971AF9 /* LaunchScreen.storyboard */,
				1AC17A5F1D06E4DE00971AF9 /* Info.plist */,
				1AC17A4E1D06E4DE00971AF9 /* Supporting Files */,
			);
			path = "手写板";
			sourceTree = "<group>";
		};
		1AC17A4E1D06E4DE00971AF9 /* Supporting Files */ = {
			isa = PBXGroup;
			children = (
				1AC17A4F1D06E4DE00971AF9 /* main.m */,
			);
			name = "Supporting Files";
			sourceTree = "<group>";
		};
		1AC17A671D06E4DE00971AF9 /* 手写板Tests */ = {
			isa = PBXGroup;
			children = (
				1AC17A681D06E4DE00971AF9 /* ___Tests.m */,
				1AC17A6A1D06E4DE00971AF9 /* Info.plist */,
			);
			path = "手写板Tests";
			sourceTree = "<group>";
		};
		1AC17A721D06E4DF00971AF9 /* 手写板UITests */ = {
			isa = PBXGroup;
			children = (
				1AC17A731D06E4DF00971AF9 /* ___UITests.m */,
				1AC17A751D06E4DF00971AF9 /* Info.plist */,
			);
			path = "手写板UITests";
			sourceTree = "<group>";
		};
/* End PBXGroup section */

/* Begin PBXNativeTarget section */
		1AC17A4A1D06E4DE00971AF9 /* 手写板 */ = {
			isa = PBXNativeTarget;
			buildConfigurationList = 1AC17A781D06E4DF00971AF9 /* Build configuration list for PBXNativeTarget "手写板" */;
			buildPhases = (
				1AC17A471D06E4DE00971AF9 /* Sources */,
				1AC17A481D06E4DE00971AF9 /* Frameworks */,
				1AC17A491D06E4DE00971AF9 /* Resources */,
			);
			buildRules = (
			);
			dependencies = (
			);
			name = "手写板";
			productName = "手写板";
			productReference = 1AC17A4B1D06E4DE00971AF9 /* 手写板.app */;
			productType = "com.apple.product-type.application";
		};
		1AC17A631D06E4DE00971AF9 /* 手写板Tests */ = {
			isa = PBXNativeTarget;
			buildConfigurationList = 1AC17A7B1D06E4DF00971AF9 /* Build configuration list for PBXNativeTarget "手写板Tests" */;
			buildPhases = (
				1AC17A601D06E4DE00971AF9 /* Sources */,
				1AC17A611D06E4DE00971AF9 /* Frameworks */,
				1AC17A621D06E4DE00971AF9 /* Resources */,
			);
			buildRules = (
			);
			dependencies = (
				1AC17A661D06E4DE00971AF9 /* PBXTargetDependency */,
			);
			name = "手写板Tests";
			productName = "手写板Tests";
			productReference = 1AC17A641D06E4DE00971AF9 /* 手写板Tests.xctest */;
			productType = "com.apple.product-type.bundle.unit-test";
		};
		1AC17A6E1D06E4DE00971AF9 /* 手写板UITests */ = {
			isa = PBXNativeTarget;
			buildConfigurationList = 1AC17A7E1D06E4DF00971AF9 /* Build configuration list for PBXNativeTarget "手写板UITests" */;
			buildPhases = (
				1AC17A6B1D06E4DE00971AF9 /* Sources */,
				1AC17A6C1D06E4DE00971AF9 /* Frameworks */,
				1AC17A6D1D06E4DE00971AF9 /* Resources */,
			);
			buildRules = (
			);
			dependencies = (
				1AC17A711D06E4DF00971AF9 /* PBXTargetDependency */,
			);
			name = "手写板UITests";
			productName = "手写板UITests";
			productReference = 1AC17A6F1D06E4DE00971AF9 /* 手写板UITests.xctest */;
			productType = "com.apple.product-type.bundle.ui-testing";
		};
/* End PBXNativeTarget section */

/* Begin PBXProject section */
		1AC17A431D06E4DE00971AF9 /* Project object */ = {
			isa = PBXProject;
			attributes = {
				LastUpgradeCheck = 0720;
				ORGANIZATIONNAME = ZY;
				TargetAttributes = {
					1AC17A4A1D06E4DE00971AF9 = {
						CreatedOnToolsVersion = 7.2;
						DevelopmentTeam = N2FD6AR85Z;
					};
					1AC17A631D06E4DE00971AF9 = {
						CreatedOnToolsVersion = 7.2;
						DevelopmentTeam = N2FD6AR85Z;
						TestTargetID = 1AC17A4A1D06E4DE00971AF9;
					};
					1AC17A6E1D06E4DE00971AF9 = {
						CreatedOnToolsVersion = 7.2;
						DevelopmentTeam = N2FD6AR85Z;
						TestTargetID = 1AC17A4A1D06E4DE00971AF9;
					};
				};
			};
			buildConfigurationList = 1AC17A461D06E4DE00971AF9 /* Build configuration list for PBXProject "手写板" */;
			compatibilityVersion = "Xcode 3.2";
			developmentRegion = English;
			hasScannedForEncodings = 0;
			knownRegions = (
				en,
				Base,
			);
			mainGroup = 1AC17A421D06E4DE00971AF9;
			productRefGroup = 1AC17A4C1D06E4DE00971AF9 /* Products */;
			projectDirPath = "";
			projectRoot = "";
			targets = (
				1AC17A4A1D06E4DE00971AF9 /* 手写板 */,
				1AC17A631D06E4DE00971AF9 /* 手写板Tests */,
				1AC17A6E1D06E4DE00971AF9 /* 手写板UITests */,
			);
		};
/* End PBXProject section */

/* Begin PBXResourcesBuildPhase section */
		1AC17A491D06E4DE00971AF9 /* Resources */ = {
			isa = PBXResourcesBuildPhase;
			buildActionMask = 2147483647;
			files = (
				1AC17A5E1D06E4DE00971AF9 /* LaunchScreen.storyboard in Resources */,
				1AC17A5B1D06E4DE00971AF9 /* Assets.xcassets in Resources */,
				1AC17A591D06E4DE00971AF9 /* Main.storyboard in Resources */,
			);
			runOnlyForDeploymentPostprocessing = 0;
		};
		1AC17A621D06E4DE00971AF9 /* Resources */ = {
			isa = PBXResourcesBuildPhase;
			buildActionMask = 2147483647;
			files = (
			);
			runOnlyForDeploymentPostprocessing = 0;
		};
		1AC17A6D1D06E4DE00971AF9 /* Resources */ = {
			isa = PBXResourcesBuildPhase;
			buildActionMask = 2147483647;
			files = (
			);
			runOnlyForDeploymentPostprocessing = 0;
		};
/* End PBXResourcesBuildPhase section */

/* Begin PBXSourcesBuildPhase section */
		1AC17A471D06E4DE00971AF9 /* Sources */ = {
			isa = PBXSourcesBuildPhase;
			buildActionMask = 2147483647;
			files = (
				1AC17A561D06E4DE00971AF9 /* ViewController.m in Sources */,
				1AC17A531D06E4DE00971AF9 /* AppDelegate.m in Sources */,
				1AC17A861D070A2300971AF9 /* ZYBezierPath.m in Sources */,
				1AC17A501D06E4DE00971AF9 /* main.m in Sources */,
				1AC17A831D0708E700971AF9 /* ZYDrawView.m in Sources */,
			);
			runOnlyForDeploymentPostprocessing = 0;
		};
		1AC17A601D06E4DE00971AF9 /* Sources */ = {
			isa = PBXSourcesBuildPhase;
			buildActionMask = 2147483647;
			files = (
				1AC17A691D06E4DE00971AF9 /* ___Tests.m in Sources */,
			);
			runOnlyForDeploymentPostprocessing = 0;
		};
		1AC17A6B1D06E4DE00971AF9 /* Sources */ = {
			isa = PBXSourcesBuildPhase;
			buildActionMask = 2147483647;
			files = (
				1AC17A741D06E4DF00971AF9 /* ___UITests.m in Sources */,
			);
			runOnlyForDeploymentPostprocessing = 0;
		};
/* End PBXSourcesBuildPhase section */

/* Begin PBXTargetDependency section */
		1AC17A661D06E4DE00971AF9 /* PBXTargetDependency */ = {
			isa = PBXTargetDependency;
			target = 1AC17A4A1D06E4DE00971AF9 /* 手写板 */;
			targetProxy = 1AC17A651D06E4DE00971AF9 /* PBXContainerItemProxy */;
		};
		1AC17A711D06E4DF00971AF9 /* PBXTargetDependency */ = {
			isa = PBXTargetDependency;
			target = 1AC17A4A1D06E4DE00971AF9 /* 手写板 */;
			targetProxy = 1AC17A701D06E4DF00971AF9 /* PBXContainerItemProxy */;
		};
/* End PBXTargetDependency section */

/* Begin PBXVariantGroup section */
		1AC17A571D06E4DE00971AF9 /* Main.storyboard */ = {
			isa = PBXVariantGroup;
			children = (
				1AC17A581D06E4DE00971AF9 /* Base */,
			);
			name = Main.storyboard;
			sourceTree = "<group>";
		};
		1AC17A5C1D06E4DE00971AF9 /* LaunchScreen.storyboard */ = {
			isa = PBXVariantGroup;
			children = (
				1AC17A5D1D06E4DE00971AF9 /* Base */,
			);
			name = LaunchScreen.storyboard;
			sourceTree = "<group>";
		};
/* End PBXVariantGroup section */

/* Begin XCBuildConfiguration section */
		1AC17A761D06E4DF00971AF9 /* Debug */ = {
			isa = XCBuildConfiguration;
			buildSettings = {
				ALWAYS_SEARCH_USER_PATHS = NO;
				CLANG_CXX_LANGUAGE_STANDARD = "gnu++0x";
				CLANG_CXX_LIBRARY = "libc++";
				CLANG_ENABLE_MODULES = YES;
				CLANG_ENABLE_OBJC_ARC = YES;
				CLANG_WARN_BOOL_CONVERSION = YES;
				CLANG_WARN_CONSTANT_CONVERSION = YES;
				CLANG_WARN_DIRECT_OBJC_ISA_USAGE = YES_ERROR;
				CLANG_WARN_EMPTY_BODY = YES;
				CLANG_WARN_ENUM_CONVERSION = YES;
				CLANG_WARN_INT_CONVERSION = YES;
				CLANG_WARN_OBJC_ROOT_CLASS = YES_ERROR;
				CLANG_WARN_UNREACHABLE_CODE = YES;
				CLANG_WARN__DUPLICATE_METHOD_MATCH = YES;
				"CODE_SIGN_IDENTITY[sdk=iphoneos*]" = "iPhone Developer";
				COPY_PHASE_STRIP = NO;
				DEBUG_INFORMATION_FORMAT = dwarf;
				ENABLE_STRICT_OBJC_MSGSEND = YES;
				ENABLE_TESTABILITY = YES;
				GCC_C_LANGUAGE_STANDARD = gnu99;
				GCC_DYNAMIC_NO_PIC = NO;
				GCC_NO_COMMON_BLOCKS = YES;
				GCC_OPTIMIZATION_LEVEL = 0;
				GCC_PREPROCESSOR_DEFINITIONS = (
					"DEBUG=1",
					"$(inherited)",
				);
				GCC_WARN_64_TO_32_BIT_CONVERSION = YES;
				GCC_WARN_ABOUT_RETURN_TYPE = YES_ERROR;
				GCC_WARN_UNDECLARED_SELECTOR = YES;
				GCC_WARN_UNINITIALIZED_AUTOS = YES_AGGRESSIVE;
				GCC_WARN_UNUSED_FUNCTION = YES;
				GCC_WARN_UNUSED_VARIABLE = YES;
				IPHONEOS_DEPLOYMENT_TARGET = 9.2;
				MTL_ENABLE_DEBUG_INFO = YES;
				ONLY_ACTIVE_ARCH = YES;
				SDKROOT = iphoneos;
			};
			name = Debug;
		};
		1AC17A771D06E4DF00971AF9 /* Release */ = {
			isa = XCBuildConfiguration;
			buildSettings = {
				ALWAYS_SEARCH_USER_PATHS = NO;
				CLANG_CXX_LANGUAGE_STANDARD = "gnu++0x";
				CLANG_CXX_LIBRARY = "libc++";
				CLANG_ENABLE_MODULES = YES;
				CLANG_ENABLE_OBJC_ARC = YES;
				CLANG_WARN_BOOL_CONVERSION = YES;
				CLANG_WARN_CONSTANT_CONVERSION = YES;
				CLANG_WARN_DIRECT_OBJC_ISA_USAGE = YES_ERROR;
				CLANG_WARN_EMPTY_BODY = YES;
				CLANG_WARN_ENUM_CONVERSION = YES;
				CLANG_WARN_INT_CONVERSION = YES;
				CLANG_WARN_OBJC_ROOT_CLASS = YES_ERROR;
				CLANG_WARN_UNREACHABLE_CODE = YES;
				CLANG_WARN__DUPLICATE_METHOD_MATCH = YES;
				"CODE_SIGN_IDENTITY[sdk=iphoneos*]" = "iPhone Developer";
				COPY_PHASE_STRIP = NO;
				DEBUG_INFORMATION_FORMAT = "dwarf-with-dsym";
				ENABLE_NS_ASSERTIONS = NO;
				ENABLE_STRICT_OBJC_MSGSEND = YES;
				GCC_C_LANGUAGE_STANDARD = gnu99;
				GCC_NO_COMMON_BLOCKS = YES;
				GCC_WARN_64_TO_32_BIT_CONVERSION = YES;
				GCC_WARN_ABOUT_RETURN_TYPE = YES_ERROR;
				GCC_WARN_UNDECLARED_SELECTOR = YES;
				GCC_WARN_UNINITIALIZED_AUTOS = YES_AGGRESSIVE;
				GCC_WARN_UNUSED_FUNCTION = YES;
				GCC_WARN_UNUSED_VARIABLE = YES;
				IPHONEOS_DEPLOYMENT_TARGET = 9.2;
				MTL_ENABLE_DEBUG_INFO = NO;
				SDKROOT = iphoneos;
				VALIDATE_PRODUCT = YES;
			};
			name = Release;
		};
		1AC17A791D06E4DF00971AF9 /* Debug */ = {
			isa = XCBuildConfiguration;
			buildSettings = {
				ASSETCATALOG_COMPILER_APPICON_NAME = AppIcon;
				INFOPLIST_FILE = "手写板/Info.plist";
				LD_RUNPATH_SEARCH_PATHS = "$(inherited) @executable_path/Frameworks";
				PRODUCT_BUNDLE_IDENTIFIER = "cn.coolpocket.ios.---";
				PRODUCT_NAME = "$(TARGET_NAME)";
			};
			name = Debug;
		};
		1AC17A7A1D06E4DF00971AF9 /* Release */ = {
			isa = XCBuildConfiguration;
			buildSettings = {
				ASSETCATALOG_COMPILER_APPICON_NAME = AppIcon;
				INFOPLIST_FILE = "手写板/Info.plist";
				LD_RUNPATH_SEARCH_PATHS = "$(inherited) @executable_path/Frameworks";
				PRODUCT_BUNDLE_IDENTIFIER = "cn.coolpocket.ios.---";
				PRODUCT_NAME = "$(TARGET_NAME)";
			};
			name = Release;
		};
		1AC17A7C1D06E4DF00971AF9 /* Debug */ = {
			isa = XCBuildConfiguration;
			buildSettings = {
				BUNDLE_LOADER = "$(TEST_HOST)";
				INFOPLIST_FILE = "手写板Tests/Info.plist";
				LD_RUNPATH_SEARCH_PATHS = "$(inherited) @executable_path/Frameworks @loader_path/Frameworks";
				PRODUCT_BUNDLE_IDENTIFIER = "cn.coolpocket.ios.---Tests";
				PRODUCT_NAME = "$(TARGET_NAME)";
				TEST_HOST = "$(BUILT_PRODUCTS_DIR)/手写板.app/手写板";
			};
			name = Debug;
		};
		1AC17A7D1D06E4DF00971AF9 /* Release */ = {
			isa = XCBuildConfiguration;
			buildSettings = {
				BUNDLE_LOADER = "$(TEST_HOST)";
				INFOPLIST_FILE = "手写板Tests/Info.plist";
				LD_RUNPATH_SEARCH_PATHS = "$(inherited) @executable_path/Frameworks @loader_path/Frameworks";
				PRODUCT_BUNDLE_IDENTIFIER = "cn.coolpocket.ios.---Tests";
				PRODUCT_NAME = "$(TARGET_NAME)";
				TEST_HOST = "$(BUILT_PRODUCTS_DIR)/手写板.app/手写板";
			};
			name = Release;
		};
		1AC17A7F1D06E4DF00971AF9 /* Debug */ = {
			isa = XCBuildConfiguration;
			buildSettings = {
				INFOPLIST_FILE = "手写板UITests/Info.plist";
				LD_RUNPATH_SEARCH_PATHS = "$(inherited) @executable_path/Frameworks @loader_path/Frameworks";
				PRODUCT_BUNDLE_IDENTIFIER = "cn.coolpocket.ios.---UITests";
				PRODUCT_NAME = "$(TARGET_NAME)";
				TEST_TARGET_NAME = "手写板";
				USES_XCTRUNNER = YES;
			};
			name = Debug;
		};
		1AC17A801D06E4DF00971AF9 /* Release */ = {
			isa = XCBuildConfiguration;
			buildSettings = {
				INFOPLIST_FILE = "手写板UITests/Info.plist";
				LD_RUNPATH_SEARCH_PATHS = "$(inherited) @executable_path/Frameworks @loader_path/Frameworks";
				PRODUCT_BUNDLE_IDENTIFIER = "cn.coolpocket.ios.---UITests";
				PRODUCT_NAME = "$(TARGET_NAME)";
				TEST_TARGET_NAME = "手写板";
				USES_XCTRUNNER = YES;
			};
			name = Release;
		};
/* End XCBuildConfiguration section */

/* Begin XCConfigurationList section */
		1AC17A461D06E4DE00971AF9 /* Build configuration list for PBXProject "手写板" */ = {
			isa = XCConfigurationList;
			buildConfigurations = (
				1AC17A761D06E4DF00971AF9 /* Debug */,
				1AC17A771D06E4DF00971AF9 /* Release */,
			);
			defaultConfigurationIsVisible = 0;
			defaultConfigurationName = Release;
		};
		1AC17A781D06E4DF00971AF9 /* Build configuration list for PBXNativeTarget "手写板" */ = {
			isa = XCConfigurationList;
			buildConfigurations = (
				1AC17A791D06E4DF00971AF9 /* Debug */,
				1AC17A7A1D06E4DF00971AF9 /* Release */,
			);
			defaultConfigurationIsVisible = 0;
		};
		1AC17A7B1D06E4DF00971AF9 /* Build configuration list for PBXNativeTarget "手写板Tests" */ = {
			isa = XCConfigurationList;
			buildConfigurations = (
				1AC17A7C1D06E4DF00971AF9 /* Debug */,
				1AC17A7D1D06E4DF00971AF9 /* Release */,
			);
			defaultConfigurationIsVisible = 0;
		};
		1AC17A7E1D06E4DF00971AF9 /* Build configuration list for PBXNativeTarget "手写板UITests" */ = {
			isa = XCConfigurationList;
			buildConfigurations = (
				1AC17A7F1D06E4DF00971AF9 /* Debug */,
				1AC17A801D06E4DF00971AF9 /* Release */,
			);
			defaultConfigurationIsVisible = 0;
		};
/* End XCConfigurationList section */
	};
	rootObject = 1AC17A431D06E4DE00971AF9 /* Project object */;
}
